// !$*UTF8*$!
{
	archiveVersion = 1;
	classes = {
	};
	objectVersion = 56;
	objects = {

/* Begin PBXBuildFile section */
		F546A03229F92CD000EEF631 /* AppDelegate.swift in Sources */ = {isa = PBXBuildFile; fileRef = F546A03129F92CD000EEF631 /* AppDelegate.swift */; };
		F546A03B29F92CD100EEF631 /* Assets.xcassets in Resources */ = {isa = PBXBuildFile; fileRef = F546A03A29F92CD100EEF631 /* Assets.xcassets */; };
		F546A03E29F92CD100EEF631 /* LaunchScreen.storyboard in Resources */ = {isa = PBXBuildFile; fileRef = F546A03C29F92CD100EEF631 /* LaunchScreen.storyboard */; };
		F546A04429F92D2300EEF631 /* ViewModel.swift in Sources */ = {isa = PBXBuildFile; fileRef = F546A04329F92D2300EEF631 /* ViewModel.swift */; };
		F546A04629F92D7800EEF631 /* Coordinator.swift in Sources */ = {isa = PBXBuildFile; fileRef = F546A04529F92D7800EEF631 /* Coordinator.swift */; };
		F546A04829F92DBA00EEF631 /* AppCoordinator.swift in Sources */ = {isa = PBXBuildFile; fileRef = F546A04729F92DBA00EEF631 /* AppCoordinator.swift */; };
		F546A04B29F9FF3D00EEF631 /* ViewController.swift in Sources */ = {isa = PBXBuildFile; fileRef = F546A04929F9FF3D00EEF631 /* ViewController.swift */; };
		F546A04C29F9FF3D00EEF631 /* ViewController.xib in Resources */ = {isa = PBXBuildFile; fileRef = F546A04A29F9FF3D00EEF631 /* ViewController.xib */; };
		F546A05B29FA647400EEF631 /* Subscription.swift in Sources */ = {isa = PBXBuildFile; fileRef = F5B037EA29F0D9E200344742 /* Subscription.swift */; };
		F546A05C29FA647400EEF631 /* CreditCard.swift in Sources */ = {isa = PBXBuildFile; fileRef = F5B037E629F0D9E200344742 /* CreditCard.swift */; };
		F546A05D29FA647400EEF631 /* APIService.swift in Sources */ = {isa = PBXBuildFile; fileRef = F5B037E129F0D9E200344742 /* APIService.swift */; };
		F546A05E29FA647400EEF631 /* Coordinates.swift in Sources */ = {isa = PBXBuildFile; fileRef = F5B037EB29F0D9E200344742 /* Coordinates.swift */; };
		F546A05F29FA647400EEF631 /* APIURL.swift in Sources */ = {isa = PBXBuildFile; fileRef = F5B037E429F0D9E200344742 /* APIURL.swift */; };
		F546A06029FA647400EEF631 /* APIError.swift in Sources */ = {isa = PBXBuildFile; fileRef = F5B037E329F0D9E200344742 /* APIError.swift */; };
		F546A06129FA647400EEF631 /* Employment.swift in Sources */ = {isa = PBXBuildFile; fileRef = F5B037E929F0D9E200344742 /* Employment.swift */; };
		F546A06229FA647400EEF631 /* User.swift in Sources */ = {isa = PBXBuildFile; fileRef = F5B037E829F0D9E200344742 /* User.swift */; };
		F546A06429FA647400EEF631 /* Address.swift in Sources */ = {isa = PBXBuildFile; fileRef = F5B037E729F0D9E200344742 /* Address.swift */; };
		F546A06629FA65A300EEF631 /* APIService.swift in Sources */ = {isa = PBXBuildFile; fileRef = F5B037E129F0D9E200344742 /* APIService.swift */; };
		F546A06729FA65A300EEF631 /* CreditCard.swift in Sources */ = {isa = PBXBuildFile; fileRef = F5B037E629F0D9E200344742 /* CreditCard.swift */; };
		F546A06829FA65A300EEF631 /* Coordinates.swift in Sources */ = {isa = PBXBuildFile; fileRef = F5B037EB29F0D9E200344742 /* Coordinates.swift */; };
		F546A06929FA65A300EEF631 /* APIURL.swift in Sources */ = {isa = PBXBuildFile; fileRef = F5B037E429F0D9E200344742 /* APIURL.swift */; };
		F546A06A29FA65A300EEF631 /* Subscription.swift in Sources */ = {isa = PBXBuildFile; fileRef = F5B037EA29F0D9E200344742 /* Subscription.swift */; };
		F546A06B29FA65A300EEF631 /* Address.swift in Sources */ = {isa = PBXBuildFile; fileRef = F5B037E729F0D9E200344742 /* Address.swift */; };
		F546A06C29FA65A300EEF631 /* APIError.swift in Sources */ = {isa = PBXBuildFile; fileRef = F5B037E329F0D9E200344742 /* APIError.swift */; };
		F546A06D29FA65A300EEF631 /* User.swift in Sources */ = {isa = PBXBuildFile; fileRef = F5B037E829F0D9E200344742 /* User.swift */; };
		F546A06E29FA65A300EEF631 /* Employment.swift in Sources */ = {isa = PBXBuildFile; fileRef = F5B037E929F0D9E200344742 /* Employment.swift */; };
		F546A06F29FA65A400EEF631 /* APIService.swift in Sources */ = {isa = PBXBuildFile; fileRef = F5B037E129F0D9E200344742 /* APIService.swift */; };
		F546A07029FA65A400EEF631 /* CreditCard.swift in Sources */ = {isa = PBXBuildFile; fileRef = F5B037E629F0D9E200344742 /* CreditCard.swift */; };
		F546A07129FA65A400EEF631 /* Coordinates.swift in Sources */ = {isa = PBXBuildFile; fileRef = F5B037EB29F0D9E200344742 /* Coordinates.swift */; };
		F546A07229FA65A400EEF631 /* APIURL.swift in Sources */ = {isa = PBXBuildFile; fileRef = F5B037E429F0D9E200344742 /* APIURL.swift */; };
		F546A07329FA65A400EEF631 /* Subscription.swift in Sources */ = {isa = PBXBuildFile; fileRef = F5B037EA29F0D9E200344742 /* Subscription.swift */; };
		F546A07429FA65A400EEF631 /* Address.swift in Sources */ = {isa = PBXBuildFile; fileRef = F5B037E729F0D9E200344742 /* Address.swift */; };
		F546A07529FA65A400EEF631 /* APIError.swift in Sources */ = {isa = PBXBuildFile; fileRef = F5B037E329F0D9E200344742 /* APIError.swift */; };
		F546A07629FA65A400EEF631 /* User.swift in Sources */ = {isa = PBXBuildFile; fileRef = F5B037E829F0D9E200344742 /* User.swift */; };
		F546A07729FA65A400EEF631 /* Employment.swift in Sources */ = {isa = PBXBuildFile; fileRef = F5B037E929F0D9E200344742 /* Employment.swift */; };
		F546A07829FA65A400EEF631 /* APIService.swift in Sources */ = {isa = PBXBuildFile; fileRef = F5B037E129F0D9E200344742 /* APIService.swift */; };
		F546A07929FA65A400EEF631 /* CreditCard.swift in Sources */ = {isa = PBXBuildFile; fileRef = F5B037E629F0D9E200344742 /* CreditCard.swift */; };
		F546A07A29FA65A400EEF631 /* Coordinates.swift in Sources */ = {isa = PBXBuildFile; fileRef = F5B037EB29F0D9E200344742 /* Coordinates.swift */; };
		F546A07B29FA65A400EEF631 /* APIURL.swift in Sources */ = {isa = PBXBuildFile; fileRef = F5B037E429F0D9E200344742 /* APIURL.swift */; };
		F546A07C29FA65A400EEF631 /* Subscription.swift in Sources */ = {isa = PBXBuildFile; fileRef = F5B037EA29F0D9E200344742 /* Subscription.swift */; };
		F546A07D29FA65A400EEF631 /* Address.swift in Sources */ = {isa = PBXBuildFile; fileRef = F5B037E729F0D9E200344742 /* Address.swift */; };
		F546A07E29FA65A400EEF631 /* APIError.swift in Sources */ = {isa = PBXBuildFile; fileRef = F5B037E329F0D9E200344742 /* APIError.swift */; };
		F546A07F29FA65A400EEF631 /* User.swift in Sources */ = {isa = PBXBuildFile; fileRef = F5B037E829F0D9E200344742 /* User.swift */; };
		F546A08029FA65A400EEF631 /* Employment.swift in Sources */ = {isa = PBXBuildFile; fileRef = F5B037E929F0D9E200344742 /* Employment.swift */; };
		F5B037CF29F0D97100344742 /* AppDelegate.swift in Sources */ = {isa = PBXBuildFile; fileRef = F5B037CE29F0D97100344742 /* AppDelegate.swift */; };
		F5B037D329F0D97100344742 /* ViewController.swift in Sources */ = {isa = PBXBuildFile; fileRef = F5B037D229F0D97100344742 /* ViewController.swift */; };
		F5B037D629F0D97100344742 /* Main.storyboard in Resources */ = {isa = PBXBuildFile; fileRef = F5B037D429F0D97100344742 /* Main.storyboard */; };
		F5B037D829F0D97200344742 /* Assets.xcassets in Resources */ = {isa = PBXBuildFile; fileRef = F5B037D729F0D97200344742 /* Assets.xcassets */; };
		F5B037DB29F0D97200344742 /* LaunchScreen.storyboard in Resources */ = {isa = PBXBuildFile; fileRef = F5B037D929F0D97200344742 /* LaunchScreen.storyboard */; };
		F5B0380429F0DF4500344742 /* AppDelegate.swift in Sources */ = {isa = PBXBuildFile; fileRef = F5B0380329F0DF4500344742 /* AppDelegate.swift */; };
		F5B0380829F0DF4500344742 /* ViewController.swift in Sources */ = {isa = PBXBuildFile; fileRef = F5B0380729F0DF4500344742 /* ViewController.swift */; };
		F5B0380B29F0DF4500344742 /* Main.storyboard in Resources */ = {isa = PBXBuildFile; fileRef = F5B0380929F0DF4500344742 /* Main.storyboard */; };
		F5B0380D29F0DF4600344742 /* Assets.xcassets in Resources */ = {isa = PBXBuildFile; fileRef = F5B0380C29F0DF4600344742 /* Assets.xcassets */; };
		F5B0381029F0DF4600344742 /* LaunchScreen.storyboard in Resources */ = {isa = PBXBuildFile; fileRef = F5B0380E29F0DF4600344742 /* LaunchScreen.storyboard */; };
		F5B0381629F0DF8B00344742 /* Presenter.swift in Sources */ = {isa = PBXBuildFile; fileRef = F5B0381529F0DF8B00344742 /* Presenter.swift */; };
		F5B0381E29F0E03800344742 /* AppDelegate.swift in Sources */ = {isa = PBXBuildFile; fileRef = F5B0381D29F0E03800344742 /* AppDelegate.swift */; };
		F5B0382229F0E03800344742 /* ViewController.swift in Sources */ = {isa = PBXBuildFile; fileRef = F5B0382129F0E03800344742 /* ViewController.swift */; };
		F5B0382529F0E03800344742 /* Main.storyboard in Resources */ = {isa = PBXBuildFile; fileRef = F5B0382329F0E03800344742 /* Main.storyboard */; };
		F5B0382729F0E03900344742 /* Assets.xcassets in Resources */ = {isa = PBXBuildFile; fileRef = F5B0382629F0E03900344742 /* Assets.xcassets */; };
		F5B0382A29F0E03900344742 /* LaunchScreen.storyboard in Resources */ = {isa = PBXBuildFile; fileRef = F5B0382829F0E03900344742 /* LaunchScreen.storyboard */; };
		F5B0383029F0E07E00344742 /* ViewModel.swift in Sources */ = {isa = PBXBuildFile; fileRef = F5B0382F29F0E07E00344742 /* ViewModel.swift */; };
		F5C729AE2A08F461001AF2A0 /* DetailVC.swift in Sources */ = {isa = PBXBuildFile; fileRef = F5C729AC2A08F461001AF2A0 /* DetailVC.swift */; };
		F5C729AF2A08F461001AF2A0 /* DetailVC.xib in Resources */ = {isa = PBXBuildFile; fileRef = F5C729AD2A08F461001AF2A0 /* DetailVC.xib */; };
		F5C729B02A08FA54001AF2A0 /* DetailVC.swift in Sources */ = {isa = PBXBuildFile; fileRef = F5C729AC2A08F461001AF2A0 /* DetailVC.swift */; };
		F5C729B12A08FA54001AF2A0 /* DetailVC.swift in Sources */ = {isa = PBXBuildFile; fileRef = F5C729AC2A08F461001AF2A0 /* DetailVC.swift */; };
		F5C729B22A08FA55001AF2A0 /* DetailVC.swift in Sources */ = {isa = PBXBuildFile; fileRef = F5C729AC2A08F461001AF2A0 /* DetailVC.swift */; };
		F5C729B32A08FA5B001AF2A0 /* DetailVC.xib in Resources */ = {isa = PBXBuildFile; fileRef = F5C729AD2A08F461001AF2A0 /* DetailVC.xib */; };
		F5C729B42A08FA5B001AF2A0 /* DetailVC.xib in Resources */ = {isa = PBXBuildFile; fileRef = F5C729AD2A08F461001AF2A0 /* DetailVC.xib */; };
		F5C729B52A08FA5C001AF2A0 /* DetailVC.xib in Resources */ = {isa = PBXBuildFile; fileRef = F5C729AD2A08F461001AF2A0 /* DetailVC.xib */; };
		F5C729B82A08FC55001AF2A0 /* Extension+UIViewController.swift in Sources */ = {isa = PBXBuildFile; fileRef = F5C729B72A08FC55001AF2A0 /* Extension+UIViewController.swift */; };
		F5C729B92A08FC59001AF2A0 /* Extension+UIViewController.swift in Sources */ = {isa = PBXBuildFile; fileRef = F5C729B72A08FC55001AF2A0 /* Extension+UIViewController.swift */; };
		F5C729BA2A08FC59001AF2A0 /* Extension+UIViewController.swift in Sources */ = {isa = PBXBuildFile; fileRef = F5C729B72A08FC55001AF2A0 /* Extension+UIViewController.swift */; };
		F5C729BB2A08FC5A001AF2A0 /* Extension+UIViewController.swift in Sources */ = {isa = PBXBuildFile; fileRef = F5C729B72A08FC55001AF2A0 /* Extension+UIViewController.swift */; };
		F5C729BE2A08FD96001AF2A0 /* Navigator.swift in Sources */ = {isa = PBXBuildFile; fileRef = F5C729BD2A08FD96001AF2A0 /* Navigator.swift */; };
/* End PBXBuildFile section */

/* Begin PBXCopyFilesBuildPhase section */
		F5B037FA29F0DB7900344742 /* Embed Frameworks */ = {
			isa = PBXCopyFilesBuildPhase;
			buildActionMask = 2147483647;
			dstPath = "";
			dstSubfolderSpec = 10;
			files = (
			);
			name = "Embed Frameworks";
			runOnlyForDeploymentPostprocessing = 0;
		};
/* End PBXCopyFilesBuildPhase section */

/* Begin PBXFileReference section */
		F546A02F29F92CD000EEF631 /* MVVM-C.app */ = {isa = PBXFileReference; explicitFileType = wrapper.application; includeInIndex = 0; path = "MVVM-C.app"; sourceTree = BUILT_PRODUCTS_DIR; };
		F546A03129F92CD000EEF631 /* AppDelegate.swift */ = {isa = PBXFileReference; lastKnownFileType = sourcecode.swift; path = AppDelegate.swift; sourceTree = "<group>"; };
		F546A03A29F92CD100EEF631 /* Assets.xcassets */ = {isa = PBXFileReference; lastKnownFileType = folder.assetcatalog; path = Assets.xcassets; sourceTree = "<group>"; };
		F546A03D29F92CD100EEF631 /* Base */ = {isa = PBXFileReference; lastKnownFileType = file.storyboard; name = Base; path = Base.lproj/LaunchScreen.storyboard; sourceTree = "<group>"; };
		F546A03F29F92CD100EEF631 /* Info.plist */ = {isa = PBXFileReference; lastKnownFileType = text.plist.xml; path = Info.plist; sourceTree = "<group>"; };
		F546A04329F92D2300EEF631 /* ViewModel.swift */ = {isa = PBXFileReference; lastKnownFileType = sourcecode.swift; path = ViewModel.swift; sourceTree = "<group>"; };
		F546A04529F92D7800EEF631 /* Coordinator.swift */ = {isa = PBXFileReference; lastKnownFileType = sourcecode.swift; path = Coordinator.swift; sourceTree = "<group>"; };
		F546A04729F92DBA00EEF631 /* AppCoordinator.swift */ = {isa = PBXFileReference; lastKnownFileType = sourcecode.swift; path = AppCoordinator.swift; sourceTree = "<group>"; };
		F546A04929F9FF3D00EEF631 /* ViewController.swift */ = {isa = PBXFileReference; lastKnownFileType = sourcecode.swift; path = ViewController.swift; sourceTree = "<group>"; };
		F546A04A29F9FF3D00EEF631 /* ViewController.xib */ = {isa = PBXFileReference; lastKnownFileType = file.xib; path = ViewController.xib; sourceTree = "<group>"; };
		F5B037CC29F0D97100344742 /* MVC.app */ = {isa = PBXFileReference; explicitFileType = wrapper.application; includeInIndex = 0; path = MVC.app; sourceTree = BUILT_PRODUCTS_DIR; };
		F5B037CE29F0D97100344742 /* AppDelegate.swift */ = {isa = PBXFileReference; lastKnownFileType = sourcecode.swift; path = AppDelegate.swift; sourceTree = "<group>"; };
		F5B037D229F0D97100344742 /* ViewController.swift */ = {isa = PBXFileReference; lastKnownFileType = sourcecode.swift; path = ViewController.swift; sourceTree = "<group>"; };
		F5B037D529F0D97100344742 /* Base */ = {isa = PBXFileReference; lastKnownFileType = file.storyboard; name = Base; path = Base.lproj/Main.storyboard; sourceTree = "<group>"; };
		F5B037D729F0D97200344742 /* Assets.xcassets */ = {isa = PBXFileReference; lastKnownFileType = folder.assetcatalog; path = Assets.xcassets; sourceTree = "<group>"; };
		F5B037DA29F0D97200344742 /* Base */ = {isa = PBXFileReference; lastKnownFileType = file.storyboard; name = Base; path = Base.lproj/LaunchScreen.storyboard; sourceTree = "<group>"; };
		F5B037DC29F0D97200344742 /* Info.plist */ = {isa = PBXFileReference; lastKnownFileType = text.plist.xml; path = Info.plist; sourceTree = "<group>"; };
		F5B037E129F0D9E200344742 /* APIService.swift */ = {isa = PBXFileReference; fileEncoding = 4; lastKnownFileType = sourcecode.swift; path = APIService.swift; sourceTree = "<group>"; };
		F5B037E329F0D9E200344742 /* APIError.swift */ = {isa = PBXFileReference; fileEncoding = 4; lastKnownFileType = sourcecode.swift; path = APIError.swift; sourceTree = "<group>"; };
		F5B037E429F0D9E200344742 /* APIURL.swift */ = {isa = PBXFileReference; fileEncoding = 4; lastKnownFileType = sourcecode.swift; path = APIURL.swift; sourceTree = "<group>"; };
		F5B037E629F0D9E200344742 /* CreditCard.swift */ = {isa = PBXFileReference; fileEncoding = 4; lastKnownFileType = sourcecode.swift; path = CreditCard.swift; sourceTree = "<group>"; };
		F5B037E729F0D9E200344742 /* Address.swift */ = {isa = PBXFileReference; fileEncoding = 4; lastKnownFileType = sourcecode.swift; path = Address.swift; sourceTree = "<group>"; };
		F5B037E829F0D9E200344742 /* User.swift */ = {isa = PBXFileReference; fileEncoding = 4; lastKnownFileType = sourcecode.swift; path = User.swift; sourceTree = "<group>"; };
		F5B037E929F0D9E200344742 /* Employment.swift */ = {isa = PBXFileReference; fileEncoding = 4; lastKnownFileType = sourcecode.swift; path = Employment.swift; sourceTree = "<group>"; };
		F5B037EA29F0D9E200344742 /* Subscription.swift */ = {isa = PBXFileReference; fileEncoding = 4; lastKnownFileType = sourcecode.swift; path = Subscription.swift; sourceTree = "<group>"; };
		F5B037EB29F0D9E200344742 /* Coordinates.swift */ = {isa = PBXFileReference; fileEncoding = 4; lastKnownFileType = sourcecode.swift; path = Coordinates.swift; sourceTree = "<group>"; };
		F5B0380129F0DF4500344742 /* MVP.app */ = {isa = PBXFileReference; explicitFileType = wrapper.application; includeInIndex = 0; path = MVP.app; sourceTree = BUILT_PRODUCTS_DIR; };
		F5B0380329F0DF4500344742 /* AppDelegate.swift */ = {isa = PBXFileReference; lastKnownFileType = sourcecode.swift; path = AppDelegate.swift; sourceTree = "<group>"; };
		F5B0380729F0DF4500344742 /* ViewController.swift */ = {isa = PBXFileReference; lastKnownFileType = sourcecode.swift; path = ViewController.swift; sourceTree = "<group>"; };
		F5B0380A29F0DF4500344742 /* Base */ = {isa = PBXFileReference; lastKnownFileType = file.storyboard; name = Base; path = Base.lproj/Main.storyboard; sourceTree = "<group>"; };
		F5B0380C29F0DF4600344742 /* Assets.xcassets */ = {isa = PBXFileReference; lastKnownFileType = folder.assetcatalog; path = Assets.xcassets; sourceTree = "<group>"; };
		F5B0380F29F0DF4600344742 /* Base */ = {isa = PBXFileReference; lastKnownFileType = file.storyboard; name = Base; path = Base.lproj/LaunchScreen.storyboard; sourceTree = "<group>"; };
		F5B0381129F0DF4600344742 /* Info.plist */ = {isa = PBXFileReference; lastKnownFileType = text.plist.xml; path = Info.plist; sourceTree = "<group>"; };
		F5B0381529F0DF8B00344742 /* Presenter.swift */ = {isa = PBXFileReference; fileEncoding = 4; lastKnownFileType = sourcecode.swift; path = Presenter.swift; sourceTree = "<group>"; };
		F5B0381B29F0E03800344742 /* MVVM.app */ = {isa = PBXFileReference; explicitFileType = wrapper.application; includeInIndex = 0; path = MVVM.app; sourceTree = BUILT_PRODUCTS_DIR; };
		F5B0381D29F0E03800344742 /* AppDelegate.swift */ = {isa = PBXFileReference; lastKnownFileType = sourcecode.swift; path = AppDelegate.swift; sourceTree = "<group>"; };
		F5B0382129F0E03800344742 /* ViewController.swift */ = {isa = PBXFileReference; lastKnownFileType = sourcecode.swift; path = ViewController.swift; sourceTree = "<group>"; };
		F5B0382429F0E03800344742 /* Base */ = {isa = PBXFileReference; lastKnownFileType = file.storyboard; name = Base; path = Base.lproj/Main.storyboard; sourceTree = "<group>"; };
		F5B0382629F0E03900344742 /* Assets.xcassets */ = {isa = PBXFileReference; lastKnownFileType = folder.assetcatalog; path = Assets.xcassets; sourceTree = "<group>"; };
		F5B0382929F0E03900344742 /* Base */ = {isa = PBXFileReference; lastKnownFileType = file.storyboard; name = Base; path = Base.lproj/LaunchScreen.storyboard; sourceTree = "<group>"; };
		F5B0382B29F0E03900344742 /* Info.plist */ = {isa = PBXFileReference; lastKnownFileType = text.plist.xml; path = Info.plist; sourceTree = "<group>"; };
		F5B0382F29F0E07E00344742 /* ViewModel.swift */ = {isa = PBXFileReference; fileEncoding = 4; lastKnownFileType = sourcecode.swift; path = ViewModel.swift; sourceTree = "<group>"; };
		F5C729AC2A08F461001AF2A0 /* DetailVC.swift */ = {isa = PBXFileReference; lastKnownFileType = sourcecode.swift; path = DetailVC.swift; sourceTree = "<group>"; };
		F5C729AD2A08F461001AF2A0 /* DetailVC.xib */ = {isa = PBXFileReference; lastKnownFileType = file.xib; path = DetailVC.xib; sourceTree = "<group>"; };
		F5C729B72A08FC55001AF2A0 /* Extension+UIViewController.swift */ = {isa = PBXFileReference; lastKnownFileType = sourcecode.swift; path = "Extension+UIViewController.swift"; sourceTree = "<group>"; };
		F5C729BD2A08FD96001AF2A0 /* Navigator.swift */ = {isa = PBXFileReference; lastKnownFileType = sourcecode.swift; path = Navigator.swift; sourceTree = "<group>"; };
/* End PBXFileReference section */

/* Begin PBXFrameworksBuildPhase section */
		F546A02C29F92CD000EEF631 /* Frameworks */ = {
			isa = PBXFrameworksBuildPhase;
			buildActionMask = 2147483647;
			files = (
			);
			runOnlyForDeploymentPostprocessing = 0;
		};
		F5B037C929F0D97100344742 /* Frameworks */ = {
			isa = PBXFrameworksBuildPhase;
			buildActionMask = 2147483647;
			files = (
			);
			runOnlyForDeploymentPostprocessing = 0;
		};
		F5B037FE29F0DF4500344742 /* Frameworks */ = {
			isa = PBXFrameworksBuildPhase;
			buildActionMask = 2147483647;
			files = (
			);
			runOnlyForDeploymentPostprocessing = 0;
		};
		F5B0381829F0E03800344742 /* Frameworks */ = {
			isa = PBXFrameworksBuildPhase;
			buildActionMask = 2147483647;
			files = (
			);
			runOnlyForDeploymentPostprocessing = 0;
		};
/* End PBXFrameworksBuildPhase section */

/* Begin PBXGroup section */
		F546A03029F92CD000EEF631 /* MVVM-C */ = {
			isa = PBXGroup;
			children = (
				F5AACF462A15F619003A4973 /* Applocation */,
				F546A04D29F9FF4500EEF631 /* Coordinator */,
				F5AACF442A15F5E6003A4973 /* Modules */,
				F5AACF472A15F62F003A4973 /* Resources */,
			);
			path = "MVVM-C";
			sourceTree = "<group>";
		};
		F546A04D29F9FF4500EEF631 /* Coordinator */ = {
			isa = PBXGroup;
			children = (
				F546A04529F92D7800EEF631 /* Coordinator.swift */,
				F546A04729F92DBA00EEF631 /* AppCoordinator.swift */,
			);
			path = Coordinator;
			sourceTree = "<group>";
		};
		F546A05A29FA643F00EEF631 /* Network */ = {
			isa = PBXGroup;
			children = (
				F5B037E429F0D9E200344742 /* APIURL.swift */,
				F5B037E129F0D9E200344742 /* APIService.swift */,
				F546A08129FA661200EEF631 /* Models */,
				F5B037E229F0D9E200344742 /* Structs */,
			);
			path = Network;
			sourceTree = "<group>";
		};
		F546A08129FA661200EEF631 /* Models */ = {
			isa = PBXGroup;
			children = (
				F5B037E829F0D9E200344742 /* User.swift */,
				F5B037E929F0D9E200344742 /* Employment.swift */,
				F5B037E729F0D9E200344742 /* Address.swift */,
				F5B037EB29F0D9E200344742 /* Coordinates.swift */,
				F5B037E629F0D9E200344742 /* CreditCard.swift */,
				F5B037EA29F0D9E200344742 /* Subscription.swift */,
			);
			path = Models;
			sourceTree = "<group>";
		};
		F5AACF442A15F5E6003A4973 /* Modules */ = {
			isa = PBXGroup;
			children = (
				F5AACF452A15F5F2003A4973 /* ViewController */,
			);
			path = Modules;
			sourceTree = "<group>";
		};
		F5AACF452A15F5F2003A4973 /* ViewController */ = {
			isa = PBXGroup;
			children = (
				F5C729BD2A08FD96001AF2A0 /* Navigator.swift */,
				F546A04329F92D2300EEF631 /* ViewModel.swift */,
				F546A04929F9FF3D00EEF631 /* ViewController.swift */,
				F546A04A29F9FF3D00EEF631 /* ViewController.xib */,
			);
			path = ViewController;
			sourceTree = "<group>";
		};
		F5AACF462A15F619003A4973 /* Applocation */ = {
			isa = PBXGroup;
			children = (
				F546A03129F92CD000EEF631 /* AppDelegate.swift */,
			);
			path = Applocation;
			sourceTree = "<group>";
		};
		F5AACF472A15F62F003A4973 /* Resources */ = {
			isa = PBXGroup;
			children = (
				F546A03A29F92CD100EEF631 /* Assets.xcassets */,
				F546A03C29F92CD100EEF631 /* LaunchScreen.storyboard */,
				F546A03F29F92CD100EEF631 /* Info.plist */,
			);
			path = Resources;
			sourceTree = "<group>";
		};
		F5B037B429F0D8BD00344742 = {
			isa = PBXGroup;
			children = (
				F5C729AA2A08F447001AF2A0 /* Common */,
				F5B037CD29F0D97100344742 /* MVC */,
				F5B0380229F0DF4500344742 /* MVP */,
				F5B0381C29F0E03800344742 /* MVVM */,
				F546A03029F92CD000EEF631 /* MVVM-C */,
				F5B037BF29F0D8BD00344742 /* Products */,
				F5B037F529F0DB7900344742 /* Frameworks */,
			);
			sourceTree = "<group>";
		};
		F5B037BF29F0D8BD00344742 /* Products */ = {
			isa = PBXGroup;
			children = (
				F5B037CC29F0D97100344742 /* MVC.app */,
				F5B0380129F0DF4500344742 /* MVP.app */,
				F5B0381B29F0E03800344742 /* MVVM.app */,
				F546A02F29F92CD000EEF631 /* MVVM-C.app */,
			);
			name = Products;
			sourceTree = "<group>";
		};
		F5B037CD29F0D97100344742 /* MVC */ = {
			isa = PBXGroup;
			children = (
				F5B037CE29F0D97100344742 /* AppDelegate.swift */,
				F5B037D229F0D97100344742 /* ViewController.swift */,
				F5B037D429F0D97100344742 /* Main.storyboard */,
				F5B037D729F0D97200344742 /* Assets.xcassets */,
				F5B037D929F0D97200344742 /* LaunchScreen.storyboard */,
				F5B037DC29F0D97200344742 /* Info.plist */,
			);
			path = MVC;
			sourceTree = "<group>";
		};
		F5B037E229F0D9E200344742 /* Structs */ = {
			isa = PBXGroup;
			children = (
				F5B037E329F0D9E200344742 /* APIError.swift */,
			);
			path = Structs;
			sourceTree = "<group>";
		};
		F5B037F529F0DB7900344742 /* Frameworks */ = {
			isa = PBXGroup;
			children = (
			);
			name = Frameworks;
			sourceTree = "<group>";
		};
		F5B0380229F0DF4500344742 /* MVP */ = {
			isa = PBXGroup;
			children = (
				F5B0380329F0DF4500344742 /* AppDelegate.swift */,
				F5B0380729F0DF4500344742 /* ViewController.swift */,
				F5B0381529F0DF8B00344742 /* Presenter.swift */,
				F5B0380929F0DF4500344742 /* Main.storyboard */,
				F5B0380C29F0DF4600344742 /* Assets.xcassets */,
				F5B0380E29F0DF4600344742 /* LaunchScreen.storyboard */,
				F5B0381129F0DF4600344742 /* Info.plist */,
			);
			path = MVP;
			sourceTree = "<group>";
		};
		F5B0381C29F0E03800344742 /* MVVM */ = {
			isa = PBXGroup;
			children = (
				F5B0381D29F0E03800344742 /* AppDelegate.swift */,
				F5B0382129F0E03800344742 /* ViewController.swift */,
				F5B0382F29F0E07E00344742 /* ViewModel.swift */,
				F5B0382329F0E03800344742 /* Main.storyboard */,
				F5B0382629F0E03900344742 /* Assets.xcassets */,
				F5B0382829F0E03900344742 /* LaunchScreen.storyboard */,
				F5B0382B29F0E03900344742 /* Info.plist */,
			);
			path = MVVM;
			sourceTree = "<group>";
		};
		F5C729AA2A08F447001AF2A0 /* Common */ = {
			isa = PBXGroup;
			children = (
				F546A05A29FA643F00EEF631 /* Network */,
				F5C729B62A08FC46001AF2A0 /* Extensions */,
				F5C729BC2A08FCA0001AF2A0 /* Modules */,
			);
			path = Common;
			sourceTree = "<group>";
		};
		F5C729AB2A08F44E001AF2A0 /* Detail */ = {
			isa = PBXGroup;
			children = (
				F5C729AC2A08F461001AF2A0 /* DetailVC.swift */,
				F5C729AD2A08F461001AF2A0 /* DetailVC.xib */,
			);
			path = Detail;
			sourceTree = "<group>";
		};
		F5C729B62A08FC46001AF2A0 /* Extensions */ = {
			isa = PBXGroup;
			children = (
				F5C729B72A08FC55001AF2A0 /* Extension+UIViewController.swift */,
			);
			path = Extensions;
			sourceTree = "<group>";
		};
		F5C729BC2A08FCA0001AF2A0 /* Modules */ = {
			isa = PBXGroup;
			children = (
				F5C729AB2A08F44E001AF2A0 /* Detail */,
			);
			path = Modules;
			sourceTree = "<group>";
		};
/* End PBXGroup section */

/* Begin PBXNativeTarget section */
		F546A02E29F92CD000EEF631 /* MVVM-C */ = {
			isa = PBXNativeTarget;
			buildConfigurationList = F546A04229F92CD100EEF631 /* Build configuration list for PBXNativeTarget "MVVM-C" */;
			buildPhases = (
				F546A02B29F92CD000EEF631 /* Sources */,
				F546A02C29F92CD000EEF631 /* Frameworks */,
				F546A02D29F92CD000EEF631 /* Resources */,
			);
			buildRules = (
			);
			dependencies = (
			);
			name = "MVVM-C";
			productName = "MVVM-C";
			productReference = F546A02F29F92CD000EEF631 /* MVVM-C.app */;
			productType = "com.apple.product-type.application";
		};
		F5B037CB29F0D97100344742 /* MVC */ = {
			isa = PBXNativeTarget;
			buildConfigurationList = F5B037DF29F0D97200344742 /* Build configuration list for PBXNativeTarget "MVC" */;
			buildPhases = (
				F5B037C829F0D97100344742 /* Sources */,
				F5B037C929F0D97100344742 /* Frameworks */,
				F5B037CA29F0D97100344742 /* Resources */,
				F5B037FA29F0DB7900344742 /* Embed Frameworks */,
			);
			buildRules = (
			);
			dependencies = (
			);
			name = MVC;
			productName = MVC;
			productReference = F5B037CC29F0D97100344742 /* MVC.app */;
			productType = "com.apple.product-type.application";
		};
		F5B0380029F0DF4500344742 /* MVP */ = {
			isa = PBXNativeTarget;
			buildConfigurationList = F5B0381229F0DF4600344742 /* Build configuration list for PBXNativeTarget "MVP" */;
			buildPhases = (
				F5B037FD29F0DF4500344742 /* Sources */,
				F5B037FE29F0DF4500344742 /* Frameworks */,
				F5B037FF29F0DF4500344742 /* Resources */,
			);
			buildRules = (
			);
			dependencies = (
			);
			name = MVP;
			productName = MVP;
			productReference = F5B0380129F0DF4500344742 /* MVP.app */;
			productType = "com.apple.product-type.application";
		};
		F5B0381A29F0E03800344742 /* MVVM */ = {
			isa = PBXNativeTarget;
			buildConfigurationList = F5B0382C29F0E03900344742 /* Build configuration list for PBXNativeTarget "MVVM" */;
			buildPhases = (
				F5B0381729F0E03800344742 /* Sources */,
				F5B0381829F0E03800344742 /* Frameworks */,
				F5B0381929F0E03800344742 /* Resources */,
			);
			buildRules = (
			);
			dependencies = (
			);
			name = MVVM;
			productName = MVVM;
			productReference = F5B0381B29F0E03800344742 /* MVVM.app */;
			productType = "com.apple.product-type.application";
		};
/* End PBXNativeTarget section */

/* Begin PBXProject section */
		F5B037B529F0D8BD00344742 /* Project object */ = {
			isa = PBXProject;
			attributes = {
				BuildIndependentTargetsInParallel = 1;
				LastSwiftUpdateCheck = 1430;
				LastUpgradeCheck = 1430;
				TargetAttributes = {
					F546A02E29F92CD000EEF631 = {
						CreatedOnToolsVersion = 14.3;
					};
					F5B037CB29F0D97100344742 = {
						CreatedOnToolsVersion = 14.3;
					};
					F5B0380029F0DF4500344742 = {
						CreatedOnToolsVersion = 14.3;
					};
					F5B0381A29F0E03800344742 = {
						CreatedOnToolsVersion = 14.3;
					};
				};
			};
			buildConfigurationList = F5B037B829F0D8BD00344742 /* Build configuration list for PBXProject "DesignPattern-Swift" */;
			compatibilityVersion = "Xcode 14.0";
			developmentRegion = en;
			hasScannedForEncodings = 0;
			knownRegions = (
				en,
				Base,
			);
			mainGroup = F5B037B429F0D8BD00344742;
			productRefGroup = F5B037BF29F0D8BD00344742 /* Products */;
			projectDirPath = "";
			projectRoot = "";
			targets = (
				F5B037CB29F0D97100344742 /* MVC */,
				F5B0380029F0DF4500344742 /* MVP */,
				F5B0381A29F0E03800344742 /* MVVM */,
				F546A02E29F92CD000EEF631 /* MVVM-C */,
			);
		};
/* End PBXProject section */

/* Begin PBXResourcesBuildPhase section */
		F546A02D29F92CD000EEF631 /* Resources */ = {
			isa = PBXResourcesBuildPhase;
			buildActionMask = 2147483647;
			files = (
				F546A03E29F92CD100EEF631 /* LaunchScreen.storyboard in Resources */,
				F5C729B52A08FA5C001AF2A0 /* DetailVC.xib in Resources */,
				F546A04C29F9FF3D00EEF631 /* ViewController.xib in Resources */,
				F546A03B29F92CD100EEF631 /* Assets.xcassets in Resources */,
			);
			runOnlyForDeploymentPostprocessing = 0;
		};
		F5B037CA29F0D97100344742 /* Resources */ = {
			isa = PBXResourcesBuildPhase;
			buildActionMask = 2147483647;
			files = (
				F5B037DB29F0D97200344742 /* LaunchScreen.storyboard in Resources */,
				F5C729AF2A08F461001AF2A0 /* DetailVC.xib in Resources */,
				F5B037D829F0D97200344742 /* Assets.xcassets in Resources */,
				F5B037D629F0D97100344742 /* Main.storyboard in Resources */,
			);
			runOnlyForDeploymentPostprocessing = 0;
		};
		F5B037FF29F0DF4500344742 /* Resources */ = {
			isa = PBXResourcesBuildPhase;
			buildActionMask = 2147483647;
			files = (
				F5B0381029F0DF4600344742 /* LaunchScreen.storyboard in Resources */,
				F5C729B32A08FA5B001AF2A0 /* DetailVC.xib in Resources */,
				F5B0380D29F0DF4600344742 /* Assets.xcassets in Resources */,
				F5B0380B29F0DF4500344742 /* Main.storyboard in Resources */,
			);
			runOnlyForDeploymentPostprocessing = 0;
		};
		F5B0381929F0E03800344742 /* Resources */ = {
			isa = PBXResourcesBuildPhase;
			buildActionMask = 2147483647;
			files = (
				F5B0382A29F0E03900344742 /* LaunchScreen.storyboard in Resources */,
				F5C729B42A08FA5B001AF2A0 /* DetailVC.xib in Resources */,
				F5B0382729F0E03900344742 /* Assets.xcassets in Resources */,
				F5B0382529F0E03800344742 /* Main.storyboard in Resources */,
			);
			runOnlyForDeploymentPostprocessing = 0;
		};
/* End PBXResourcesBuildPhase section */

/* Begin PBXSourcesBuildPhase section */
		F546A02B29F92CD000EEF631 /* Sources */ = {
			isa = PBXSourcesBuildPhase;
			buildActionMask = 2147483647;
			files = (
				F5C729BB2A08FC5A001AF2A0 /* Extension+UIViewController.swift in Sources */,
				F5C729BE2A08FD96001AF2A0 /* Navigator.swift in Sources */,
				F546A07F29FA65A400EEF631 /* User.swift in Sources */,
				F546A08029FA65A400EEF631 /* Employment.swift in Sources */,
				F546A04B29F9FF3D00EEF631 /* ViewController.swift in Sources */,
				F546A07B29FA65A400EEF631 /* APIURL.swift in Sources */,
				F546A04629F92D7800EEF631 /* Coordinator.swift in Sources */,
				F5C729B22A08FA55001AF2A0 /* DetailVC.swift in Sources */,
				F546A07929FA65A400EEF631 /* CreditCard.swift in Sources */,
				F546A07C29FA65A400EEF631 /* Subscription.swift in Sources */,
				F546A07E29FA65A400EEF631 /* APIError.swift in Sources */,
				F546A04829F92DBA00EEF631 /* AppCoordinator.swift in Sources */,
				F546A04429F92D2300EEF631 /* ViewModel.swift in Sources */,
				F546A07829FA65A400EEF631 /* APIService.swift in Sources */,
				F546A03229F92CD000EEF631 /* AppDelegate.swift in Sources */,
				F546A07D29FA65A400EEF631 /* Address.swift in Sources */,
				F546A07A29FA65A400EEF631 /* Coordinates.swift in Sources */,
			);
			runOnlyForDeploymentPostprocessing = 0;
		};
		F5B037C829F0D97100344742 /* Sources */ = {
			isa = PBXSourcesBuildPhase;
			buildActionMask = 2147483647;
			files = (
				F546A05C29FA647400EEF631 /* CreditCard.swift in Sources */,
				F546A05D29FA647400EEF631 /* APIService.swift in Sources */,
				F546A05B29FA647400EEF631 /* Subscription.swift in Sources */,
				F546A06129FA647400EEF631 /* Employment.swift in Sources */,
				F546A05E29FA647400EEF631 /* Coordinates.swift in Sources */,
				F5C729AE2A08F461001AF2A0 /* DetailVC.swift in Sources */,
				F546A06429FA647400EEF631 /* Address.swift in Sources */,
				F5B037D329F0D97100344742 /* ViewController.swift in Sources */,
				F5C729B82A08FC55001AF2A0 /* Extension+UIViewController.swift in Sources */,
				F546A06029FA647400EEF631 /* APIError.swift in Sources */,
				F5B037CF29F0D97100344742 /* AppDelegate.swift in Sources */,
				F546A06229FA647400EEF631 /* User.swift in Sources */,
				F546A05F29FA647400EEF631 /* APIURL.swift in Sources */,
			);
			runOnlyForDeploymentPostprocessing = 0;
		};
		F5B037FD29F0DF4500344742 /* Sources */ = {
			isa = PBXSourcesBuildPhase;
			buildActionMask = 2147483647;
			files = (
				F546A06B29FA65A300EEF631 /* Address.swift in Sources */,
				F5B0381629F0DF8B00344742 /* Presenter.swift in Sources */,
				F5C729B02A08FA54001AF2A0 /* DetailVC.swift in Sources */,
				F546A06729FA65A300EEF631 /* CreditCard.swift in Sources */,
				F546A06C29FA65A300EEF631 /* APIError.swift in Sources */,
				F546A06A29FA65A300EEF631 /* Subscription.swift in Sources */,
				F5B0380829F0DF4500344742 /* ViewController.swift in Sources */,
				F546A06829FA65A300EEF631 /* Coordinates.swift in Sources */,
				F5C729B92A08FC59001AF2A0 /* Extension+UIViewController.swift in Sources */,
				F546A06629FA65A300EEF631 /* APIService.swift in Sources */,
				F5B0380429F0DF4500344742 /* AppDelegate.swift in Sources */,
				F546A06E29FA65A300EEF631 /* Employment.swift in Sources */,
				F546A06929FA65A300EEF631 /* APIURL.swift in Sources */,
				F546A06D29FA65A300EEF631 /* User.swift in Sources */,
			);
			runOnlyForDeploymentPostprocessing = 0;
		};
		F5B0381729F0E03800344742 /* Sources */ = {
			isa = PBXSourcesBuildPhase;
			buildActionMask = 2147483647;
			files = (
				F546A07429FA65A400EEF631 /* Address.swift in Sources */,
				F5B0382229F0E03800344742 /* ViewController.swift in Sources */,
				F5C729B12A08FA54001AF2A0 /* DetailVC.swift in Sources */,
				F546A07029FA65A400EEF631 /* CreditCard.swift in Sources */,
				F546A07529FA65A400EEF631 /* APIError.swift in Sources */,
				F546A07329FA65A400EEF631 /* Subscription.swift in Sources */,
				F5B0383029F0E07E00344742 /* ViewModel.swift in Sources */,
				F546A07129FA65A400EEF631 /* Coordinates.swift in Sources */,
				F5C729BA2A08FC59001AF2A0 /* Extension+UIViewController.swift in Sources */,
				F546A06F29FA65A400EEF631 /* APIService.swift in Sources */,
				F5B0381E29F0E03800344742 /* AppDelegate.swift in Sources */,
				F546A07729FA65A400EEF631 /* Employment.swift in Sources */,
				F546A07229FA65A400EEF631 /* APIURL.swift in Sources */,
				F546A07629FA65A400EEF631 /* User.swift in Sources */,
			);
			runOnlyForDeploymentPostprocessing = 0;
		};
/* End PBXSourcesBuildPhase section */

/* Begin PBXVariantGroup section */
		F546A03C29F92CD100EEF631 /* LaunchScreen.storyboard */ = {
			isa = PBXVariantGroup;
			children = (
				F546A03D29F92CD100EEF631 /* Base */,
			);
			name = LaunchScreen.storyboard;
			sourceTree = "<group>";
		};
		F5B037D429F0D97100344742 /* Main.storyboard */ = {
			isa = PBXVariantGroup;
			children = (
				F5B037D529F0D97100344742 /* Base */,
			);
			name = Main.storyboard;
			sourceTree = "<group>";
		};
		F5B037D929F0D97200344742 /* LaunchScreen.storyboard */ = {
			isa = PBXVariantGroup;
			children = (
				F5B037DA29F0D97200344742 /* Base */,
			);
			name = LaunchScreen.storyboard;
			sourceTree = "<group>";
		};
		F5B0380929F0DF4500344742 /* Main.storyboard */ = {
			isa = PBXVariantGroup;
			children = (
				F5B0380A29F0DF4500344742 /* Base */,
			);
			name = Main.storyboard;
			sourceTree = "<group>";
		};
		F5B0380E29F0DF4600344742 /* LaunchScreen.storyboard */ = {
			isa = PBXVariantGroup;
			children = (
				F5B0380F29F0DF4600344742 /* Base */,
			);
			name = LaunchScreen.storyboard;
			sourceTree = "<group>";
		};
		F5B0382329F0E03800344742 /* Main.storyboard */ = {
			isa = PBXVariantGroup;
			children = (
				F5B0382429F0E03800344742 /* Base */,
			);
			name = Main.storyboard;
			sourceTree = "<group>";
		};
		F5B0382829F0E03900344742 /* LaunchScreen.storyboard */ = {
			isa = PBXVariantGroup;
			children = (
				F5B0382929F0E03900344742 /* Base */,
			);
			name = LaunchScreen.storyboard;
			sourceTree = "<group>";
		};
/* End PBXVariantGroup section */

/* Begin XCBuildConfiguration section */
		F546A04029F92CD100EEF631 /* Debug */ = {
			isa = XCBuildConfiguration;
			buildSettings = {
				ASSETCATALOG_COMPILER_APPICON_NAME = AppIcon;
				ASSETCATALOG_COMPILER_GLOBAL_ACCENT_COLOR_NAME = AccentColor;
				CODE_SIGN_STYLE = Automatic;
				CURRENT_PROJECT_VERSION = 1;
				DEVELOPMENT_TEAM = 9V5M2X2S8X;
				GENERATE_INFOPLIST_FILE = YES;
				INFOPLIST_FILE = "MVVM-C/Info.plist";
				INFOPLIST_KEY_UIApplicationSupportsIndirectInputEvents = YES;
				INFOPLIST_KEY_UILaunchStoryboardName = LaunchScreen.storyboard;
				INFOPLIST_KEY_UISupportedInterfaceOrientations_iPad = "UIInterfaceOrientationPortrait UIInterfaceOrientationPortraitUpsideDown UIInterfaceOrientationLandscapeLeft UIInterfaceOrientationLandscapeRight";
				INFOPLIST_KEY_UISupportedInterfaceOrientations_iPhone = "UIInterfaceOrientationPortrait UIInterfaceOrientationLandscapeLeft UIInterfaceOrientationLandscapeRight";
				IPHONEOS_DEPLOYMENT_TARGET = 16.4;
				LD_RUNPATH_SEARCH_PATHS = (
					"$(inherited)",
					"@executable_path/Frameworks",
				);
				MARKETING_VERSION = 1.0;
				PRODUCT_BUNDLE_IDENTIFIER = "com.dong.MVVM-C";
				PRODUCT_NAME = "$(TARGET_NAME)";
				SWIFT_EMIT_LOC_STRINGS = YES;
				SWIFT_VERSION = 5.0;
				TARGETED_DEVICE_FAMILY = "1,2";
			};
			name = Debug;
		};
		F546A04129F92CD100EEF631 /* Release */ = {
			isa = XCBuildConfiguration;
			buildSettings = {
				ASSETCATALOG_COMPILER_APPICON_NAME = AppIcon;
				ASSETCATALOG_COMPILER_GLOBAL_ACCENT_COLOR_NAME = AccentColor;
				CODE_SIGN_STYLE = Automatic;
				CURRENT_PROJECT_VERSION = 1;
				DEVELOPMENT_TEAM = 9V5M2X2S8X;
				GENERATE_INFOPLIST_FILE = YES;
				INFOPLIST_FILE = "MVVM-C/Info.plist";
				INFOPLIST_KEY_UIApplicationSupportsIndirectInputEvents = YES;
				INFOPLIST_KEY_UILaunchStoryboardName = LaunchScreen.storyboard;
				INFOPLIST_KEY_UISupportedInterfaceOrientations_iPad = "UIInterfaceOrientationPortrait UIInterfaceOrientationPortraitUpsideDown UIInterfaceOrientationLandscapeLeft UIInterfaceOrientationLandscapeRight";
				INFOPLIST_KEY_UISupportedInterfaceOrientations_iPhone = "UIInterfaceOrientationPortrait UIInterfaceOrientationLandscapeLeft UIInterfaceOrientationLandscapeRight";
				IPHONEOS_DEPLOYMENT_TARGET = 16.4;
				LD_RUNPATH_SEARCH_PATHS = (
					"$(inherited)",
					"@executable_path/Frameworks",
				);
				MARKETING_VERSION = 1.0;
				PRODUCT_BUNDLE_IDENTIFIER = "com.dong.MVVM-C";
				PRODUCT_NAME = "$(TARGET_NAME)";
				SWIFT_EMIT_LOC_STRINGS = YES;
				SWIFT_VERSION = 5.0;
				TARGETED_DEVICE_FAMILY = "1,2";
			};
			name = Release;
		};
		F5B037C329F0D8BD00344742 /* Debug */ = {
			isa = XCBuildConfiguration;
			buildSettings = {
				ALWAYS_SEARCH_USER_PATHS = NO;
				CLANG_ANALYZER_NONNULL = YES;
				CLANG_ANALYZER_NUMBER_OBJECT_CONVERSION = YES_AGGRESSIVE;
				CLANG_CXX_LANGUAGE_STANDARD = "gnu++20";
				CLANG_ENABLE_MODULES = YES;
				CLANG_ENABLE_OBJC_ARC = YES;
				CLANG_ENABLE_OBJC_WEAK = YES;
				CLANG_WARN_BLOCK_CAPTURE_AUTORELEASING = YES;
				CLANG_WARN_BOOL_CONVERSION = YES;
				CLANG_WARN_COMMA = YES;
				CLANG_WARN_CONSTANT_CONVERSION = YES;
				CLANG_WARN_DEPRECATED_OBJC_IMPLEMENTATIONS = YES;
				CLANG_WARN_DIRECT_OBJC_ISA_USAGE = YES_ERROR;
				CLANG_WARN_DOCUMENTATION_COMMENTS = YES;
				CLANG_WARN_EMPTY_BODY = YES;
				CLANG_WARN_ENUM_CONVERSION = YES;
				CLANG_WARN_INFINITE_RECURSION = YES;
				CLANG_WARN_INT_CONVERSION = YES;
				CLANG_WARN_NON_LITERAL_NULL_CONVERSION = YES;
				CLANG_WARN_OBJC_IMPLICIT_RETAIN_SELF = YES;
				CLANG_WARN_OBJC_LITERAL_CONVERSION = YES;
				CLANG_WARN_OBJC_ROOT_CLASS = YES_ERROR;
				CLANG_WARN_QUOTED_INCLUDE_IN_FRAMEWORK_HEADER = YES;
				CLANG_WARN_RANGE_LOOP_ANALYSIS = YES;
				CLANG_WARN_STRICT_PROTOTYPES = YES;
				CLANG_WARN_SUSPICIOUS_MOVE = YES;
				CLANG_WARN_UNGUARDED_AVAILABILITY = YES_AGGRESSIVE;
				CLANG_WARN_UNREACHABLE_CODE = YES;
				CLANG_WARN__DUPLICATE_METHOD_MATCH = YES;
				COPY_PHASE_STRIP = NO;
				CURRENT_PROJECT_VERSION = 1;
				DEBUG_INFORMATION_FORMAT = dwarf;
				ENABLE_STRICT_OBJC_MSGSEND = YES;
				ENABLE_TESTABILITY = YES;
				GCC_C_LANGUAGE_STANDARD = gnu11;
				GCC_DYNAMIC_NO_PIC = NO;
				GCC_NO_COMMON_BLOCKS = YES;
				GCC_OPTIMIZATION_LEVEL = 0;
				GCC_PREPROCESSOR_DEFINITIONS = (
					"DEBUG=1",
					"$(inherited)",
				);
				GCC_WARN_64_TO_32_BIT_CONVERSION = YES;
				GCC_WARN_ABOUT_RETURN_TYPE = YES_ERROR;
				GCC_WARN_UNDECLARED_SELECTOR = YES;
				GCC_WARN_UNINITIALIZED_AUTOS = YES_AGGRESSIVE;
				GCC_WARN_UNUSED_FUNCTION = YES;
				GCC_WARN_UNUSED_VARIABLE = YES;
				IPHONEOS_DEPLOYMENT_TARGET = 13.0;
				MTL_ENABLE_DEBUG_INFO = INCLUDE_SOURCE;
				MTL_FAST_MATH = YES;
				ONLY_ACTIVE_ARCH = YES;
				SDKROOT = iphoneos;
				SWIFT_ACTIVE_COMPILATION_CONDITIONS = DEBUG;
				SWIFT_OPTIMIZATION_LEVEL = "-Onone";
				VERSIONING_SYSTEM = "apple-generic";
				VERSION_INFO_PREFIX = "";
			};
			name = Debug;
		};
		F5B037C429F0D8BD00344742 /* Release */ = {
			isa = XCBuildConfiguration;
			buildSettings = {
				ALWAYS_SEARCH_USER_PATHS = NO;
				CLANG_ANALYZER_NONNULL = YES;
				CLANG_ANALYZER_NUMBER_OBJECT_CONVERSION = YES_AGGRESSIVE;
				CLANG_CXX_LANGUAGE_STANDARD = "gnu++20";
				CLANG_ENABLE_MODULES = YES;
				CLANG_ENABLE_OBJC_ARC = YES;
				CLANG_ENABLE_OBJC_WEAK = YES;
				CLANG_WARN_BLOCK_CAPTURE_AUTORELEASING = YES;
				CLANG_WARN_BOOL_CONVERSION = YES;
				CLANG_WARN_COMMA = YES;
				CLANG_WARN_CONSTANT_CONVERSION = YES;
				CLANG_WARN_DEPRECATED_OBJC_IMPLEMENTATIONS = YES;
				CLANG_WARN_DIRECT_OBJC_ISA_USAGE = YES_ERROR;
				CLANG_WARN_DOCUMENTATION_COMMENTS = YES;
				CLANG_WARN_EMPTY_BODY = YES;
				CLANG_WARN_ENUM_CONVERSION = YES;
				CLANG_WARN_INFINITE_RECURSION = YES;
				CLANG_WARN_INT_CONVERSION = YES;
				CLANG_WARN_NON_LITERAL_NULL_CONVERSION = YES;
				CLANG_WARN_OBJC_IMPLICIT_RETAIN_SELF = YES;
				CLANG_WARN_OBJC_LITERAL_CONVERSION = YES;
				CLANG_WARN_OBJC_ROOT_CLASS = YES_ERROR;
				CLANG_WARN_QUOTED_INCLUDE_IN_FRAMEWORK_HEADER = YES;
				CLANG_WARN_RANGE_LOOP_ANALYSIS = YES;
				CLANG_WARN_STRICT_PROTOTYPES = YES;
				CLANG_WARN_SUSPICIOUS_MOVE = YES;
				CLANG_WARN_UNGUARDED_AVAILABILITY = YES_AGGRESSIVE;
				CLANG_WARN_UNREACHABLE_CODE = YES;
				CLANG_WARN__DUPLICATE_METHOD_MATCH = YES;
				COPY_PHASE_STRIP = NO;
				CURRENT_PROJECT_VERSION = 1;
				DEBUG_INFORMATION_FORMAT = "dwarf-with-dsym";
				ENABLE_NS_ASSERTIONS = NO;
				ENABLE_STRICT_OBJC_MSGSEND = YES;
				GCC_C_LANGUAGE_STANDARD = gnu11;
				GCC_NO_COMMON_BLOCKS = YES;
				GCC_WARN_64_TO_32_BIT_CONVERSION = YES;
				GCC_WARN_ABOUT_RETURN_TYPE = YES_ERROR;
				GCC_WARN_UNDECLARED_SELECTOR = YES;
				GCC_WARN_UNINITIALIZED_AUTOS = YES_AGGRESSIVE;
				GCC_WARN_UNUSED_FUNCTION = YES;
				GCC_WARN_UNUSED_VARIABLE = YES;
				IPHONEOS_DEPLOYMENT_TARGET = 13.0;
				MTL_ENABLE_DEBUG_INFO = NO;
				MTL_FAST_MATH = YES;
				SDKROOT = iphoneos;
				SWIFT_COMPILATION_MODE = wholemodule;
				SWIFT_OPTIMIZATION_LEVEL = "-O";
				VALIDATE_PRODUCT = YES;
				VERSIONING_SYSTEM = "apple-generic";
				VERSION_INFO_PREFIX = "";
			};
			name = Release;
		};
		F5B037DD29F0D97200344742 /* Debug */ = {
			isa = XCBuildConfiguration;
			buildSettings = {
				ASSETCATALOG_COMPILER_APPICON_NAME = AppIcon;
				ASSETCATALOG_COMPILER_GLOBAL_ACCENT_COLOR_NAME = AccentColor;
				CODE_SIGN_STYLE = Automatic;
				CURRENT_PROJECT_VERSION = 1;
				DEVELOPMENT_TEAM = 7U68BV33QV;
				GENERATE_INFOPLIST_FILE = YES;
				INFOPLIST_FILE = MVC/Info.plist;
				INFOPLIST_KEY_UIApplicationSupportsIndirectInputEvents = YES;
				INFOPLIST_KEY_UILaunchStoryboardName = LaunchScreen;
				INFOPLIST_KEY_UIMainStoryboardFile = Main;
				INFOPLIST_KEY_UISupportedInterfaceOrientations_iPad = "UIInterfaceOrientationPortrait UIInterfaceOrientationPortraitUpsideDown UIInterfaceOrientationLandscapeLeft UIInterfaceOrientationLandscapeRight";
				INFOPLIST_KEY_UISupportedInterfaceOrientations_iPhone = "UIInterfaceOrientationPortrait UIInterfaceOrientationLandscapeLeft UIInterfaceOrientationLandscapeRight";
				IPHONEOS_DEPLOYMENT_TARGET = 13.0;
				LD_RUNPATH_SEARCH_PATHS = (
					"$(inherited)",
					"@executable_path/Frameworks",
				);
				MARKETING_VERSION = 1.0;
				PRODUCT_BUNDLE_IDENTIFIER = com.dong.MVC;
				PRODUCT_NAME = "$(TARGET_NAME)";
				SWIFT_EMIT_LOC_STRINGS = YES;
				SWIFT_VERSION = 5.0;
				TARGETED_DEVICE_FAMILY = "1,2";
			};
			name = Debug;
		};
		F5B037DE29F0D97200344742 /* Release */ = {
			isa = XCBuildConfiguration;
			buildSettings = {
				ASSETCATALOG_COMPILER_APPICON_NAME = AppIcon;
				ASSETCATALOG_COMPILER_GLOBAL_ACCENT_COLOR_NAME = AccentColor;
				CODE_SIGN_STYLE = Automatic;
				CURRENT_PROJECT_VERSION = 1;
				DEVELOPMENT_TEAM = 7U68BV33QV;
				GENERATE_INFOPLIST_FILE = YES;
				INFOPLIST_FILE = MVC/Info.plist;
				INFOPLIST_KEY_UIApplicationSupportsIndirectInputEvents = YES;
				INFOPLIST_KEY_UILaunchStoryboardName = LaunchScreen;
				INFOPLIST_KEY_UIMainStoryboardFile = Main;
				INFOPLIST_KEY_UISupportedInterfaceOrientations_iPad = "UIInterfaceOrientationPortrait UIInterfaceOrientationPortraitUpsideDown UIInterfaceOrientationLandscapeLeft UIInterfaceOrientationLandscapeRight";
				INFOPLIST_KEY_UISupportedInterfaceOrientations_iPhone = "UIInterfaceOrientationPortrait UIInterfaceOrientationLandscapeLeft UIInterfaceOrientationLandscapeRight";
				IPHONEOS_DEPLOYMENT_TARGET = 13.0;
				LD_RUNPATH_SEARCH_PATHS = (
					"$(inherited)",
					"@executable_path/Frameworks",
				);
				MARKETING_VERSION = 1.0;
				PRODUCT_BUNDLE_IDENTIFIER = com.dong.MVC;
				PRODUCT_NAME = "$(TARGET_NAME)";
				SWIFT_EMIT_LOC_STRINGS = YES;
				SWIFT_VERSION = 5.0;
				TARGETED_DEVICE_FAMILY = "1,2";
			};
			name = Release;
		};
		F5B0381329F0DF4600344742 /* Debug */ = {
			isa = XCBuildConfiguration;
			buildSettings = {
				ASSETCATALOG_COMPILER_APPICON_NAME = AppIcon;
				ASSETCATALOG_COMPILER_GLOBAL_ACCENT_COLOR_NAME = AccentColor;
				CODE_SIGN_STYLE = Automatic;
				CURRENT_PROJECT_VERSION = 1;
				DEVELOPMENT_TEAM = 7U68BV33QV;
				GENERATE_INFOPLIST_FILE = YES;
				INFOPLIST_FILE = MVP/Info.plist;
				INFOPLIST_KEY_UIApplicationSupportsIndirectInputEvents = YES;
				INFOPLIST_KEY_UILaunchStoryboardName = LaunchScreen;
				INFOPLIST_KEY_UIMainStoryboardFile = Main;
				INFOPLIST_KEY_UISupportedInterfaceOrientations_iPad = "UIInterfaceOrientationPortrait UIInterfaceOrientationPortraitUpsideDown UIInterfaceOrientationLandscapeLeft UIInterfaceOrientationLandscapeRight";
				INFOPLIST_KEY_UISupportedInterfaceOrientations_iPhone = "UIInterfaceOrientationPortrait UIInterfaceOrientationLandscapeLeft UIInterfaceOrientationLandscapeRight";
				IPHONEOS_DEPLOYMENT_TARGET = 13.0;
				LD_RUNPATH_SEARCH_PATHS = (
					"$(inherited)",
					"@executable_path/Frameworks",
				);
				MARKETING_VERSION = 1.0;
				PRODUCT_BUNDLE_IDENTIFIER = com.dong.MVP;
				PRODUCT_NAME = "$(TARGET_NAME)";
				SWIFT_EMIT_LOC_STRINGS = YES;
				SWIFT_VERSION = 5.0;
				TARGETED_DEVICE_FAMILY = "1,2";
			};
			name = Debug;
		};
		F5B0381429F0DF4600344742 /* Release */ = {
			isa = XCBuildConfiguration;
			buildSettings = {
				ASSETCATALOG_COMPILER_APPICON_NAME = AppIcon;
				ASSETCATALOG_COMPILER_GLOBAL_ACCENT_COLOR_NAME = AccentColor;
				CODE_SIGN_STYLE = Automatic;
				CURRENT_PROJECT_VERSION = 1;
				DEVELOPMENT_TEAM = 7U68BV33QV;
				GENERATE_INFOPLIST_FILE = YES;
				INFOPLIST_FILE = MVP/Info.plist;
				INFOPLIST_KEY_UIApplicationSupportsIndirectInputEvents = YES;
				INFOPLIST_KEY_UILaunchStoryboardName = LaunchScreen;
				INFOPLIST_KEY_UIMainStoryboardFile = Main;
				INFOPLIST_KEY_UISupportedInterfaceOrientations_iPad = "UIInterfaceOrientationPortrait UIInterfaceOrientationPortraitUpsideDown UIInterfaceOrientationLandscapeLeft UIInterfaceOrientationLandscapeRight";
				INFOPLIST_KEY_UISupportedInterfaceOrientations_iPhone = "UIInterfaceOrientationPortrait UIInterfaceOrientationLandscapeLeft UIInterfaceOrientationLandscapeRight";
				IPHONEOS_DEPLOYMENT_TARGET = 13.0;
				LD_RUNPATH_SEARCH_PATHS = (
					"$(inherited)",
					"@executable_path/Frameworks",
				);
				MARKETING_VERSION = 1.0;
				PRODUCT_BUNDLE_IDENTIFIER = com.dong.MVP;
				PRODUCT_NAME = "$(TARGET_NAME)";
				SWIFT_EMIT_LOC_STRINGS = YES;
				SWIFT_VERSION = 5.0;
				TARGETED_DEVICE_FAMILY = "1,2";
			};
			name = Release;
		};
		F5B0382D29F0E03900344742 /* Debug */ = {
			isa = XCBuildConfiguration;
			buildSettings = {
				ASSETCATALOG_COMPILER_APPICON_NAME = AppIcon;
				ASSETCATALOG_COMPILER_GLOBAL_ACCENT_COLOR_NAME = AccentColor;
				CODE_SIGN_STYLE = Automatic;
				CURRENT_PROJECT_VERSION = 1;
				DEVELOPMENT_TEAM = 7U68BV33QV;
				GENERATE_INFOPLIST_FILE = YES;
				INFOPLIST_FILE = MVVM/Info.plist;
				INFOPLIST_KEY_UIApplicationSupportsIndirectInputEvents = YES;
				INFOPLIST_KEY_UILaunchStoryboardName = LaunchScreen;
				INFOPLIST_KEY_UIMainStoryboardFile = Main;
				INFOPLIST_KEY_UISupportedInterfaceOrientations_iPad = "UIInterfaceOrientationPortrait UIInterfaceOrientationPortraitUpsideDown UIInterfaceOrientationLandscapeLeft UIInterfaceOrientationLandscapeRight";
				INFOPLIST_KEY_UISupportedInterfaceOrientations_iPhone = "UIInterfaceOrientationPortrait UIInterfaceOrientationLandscapeLeft UIInterfaceOrientationLandscapeRight";
				IPHONEOS_DEPLOYMENT_TARGET = 13.0;
				LD_RUNPATH_SEARCH_PATHS = (
					"$(inherited)",
					"@executable_path/Frameworks",
				);
				MARKETING_VERSION = 1.0;
				PRODUCT_BUNDLE_IDENTIFIER = com.dong.MVVM;
				PRODUCT_NAME = "$(TARGET_NAME)";
				SWIFT_EMIT_LOC_STRINGS = YES;
				SWIFT_VERSION = 5.0;
				TARGETED_DEVICE_FAMILY = "1,2";
			};
			name = Debug;
		};
		F5B0382E29F0E03900344742 /* Release */ = {
			isa = XCBuildConfiguration;
			buildSettings = {
				ASSETCATALOG_COMPILER_APPICON_NAME = AppIcon;
				ASSETCATALOG_COMPILER_GLOBAL_ACCENT_COLOR_NAME = AccentColor;
				CODE_SIGN_STYLE = Automatic;
				CURRENT_PROJECT_VERSION = 1;
				DEVELOPMENT_TEAM = 7U68BV33QV;
				GENERATE_INFOPLIST_FILE = YES;
				INFOPLIST_FILE = MVVM/Info.plist;
				INFOPLIST_KEY_UIApplicationSupportsIndirectInputEvents = YES;
				INFOPLIST_KEY_UILaunchStoryboardName = LaunchScreen;
				INFOPLIST_KEY_UIMainStoryboardFile = Main;
				INFOPLIST_KEY_UISupportedInterfaceOrientations_iPad = "UIInterfaceOrientationPortrait UIInterfaceOrientationPortraitUpsideDown UIInterfaceOrientationLandscapeLeft UIInterfaceOrientationLandscapeRight";
				INFOPLIST_KEY_UISupportedInterfaceOrientations_iPhone = "UIInterfaceOrientationPortrait UIInterfaceOrientationLandscapeLeft UIInterfaceOrientationLandscapeRight";
				IPHONEOS_DEPLOYMENT_TARGET = 13.0;
				LD_RUNPATH_SEARCH_PATHS = (
					"$(inherited)",
					"@executable_path/Frameworks",
				);
				MARKETING_VERSION = 1.0;
				PRODUCT_BUNDLE_IDENTIFIER = com.dong.MVVM;
				PRODUCT_NAME = "$(TARGET_NAME)";
				SWIFT_EMIT_LOC_STRINGS = YES;
				SWIFT_VERSION = 5.0;
				TARGETED_DEVICE_FAMILY = "1,2";
			};
			name = Release;
		};
/* End XCBuildConfiguration section */

/* Begin XCConfigurationList section */
		F546A04229F92CD100EEF631 /* Build configuration list for PBXNativeTarget "MVVM-C" */ = {
			isa = XCConfigurationList;
			buildConfigurations = (
				F546A04029F92CD100EEF631 /* Debug */,
				F546A04129F92CD100EEF631 /* Release */,
			);
			defaultConfigurationIsVisible = 0;
			defaultConfigurationName = Release;
		};
		F5B037B829F0D8BD00344742 /* Build configuration list for PBXProject "DesignPattern-Swift" */ = {
			isa = XCConfigurationList;
			buildConfigurations = (
				F5B037C329F0D8BD00344742 /* Debug */,
				F5B037C429F0D8BD00344742 /* Release */,
			);
			defaultConfigurationIsVisible = 0;
			defaultConfigurationName = Release;
		};
		F5B037DF29F0D97200344742 /* Build configuration list for PBXNativeTarget "MVC" */ = {
			isa = XCConfigurationList;
			buildConfigurations = (
				F5B037DD29F0D97200344742 /* Debug */,
				F5B037DE29F0D97200344742 /* Release */,
			);
			defaultConfigurationIsVisible = 0;
			defaultConfigurationName = Release;
		};
		F5B0381229F0DF4600344742 /* Build configuration list for PBXNativeTarget "MVP" */ = {
			isa = XCConfigurationList;
			buildConfigurations = (
				F5B0381329F0DF4600344742 /* Debug */,
				F5B0381429F0DF4600344742 /* Release */,
			);
			defaultConfigurationIsVisible = 0;
			defaultConfigurationName = Release;
		};
		F5B0382C29F0E03900344742 /* Build configuration list for PBXNativeTarget "MVVM" */ = {
			isa = XCConfigurationList;
			buildConfigurations = (
				F5B0382D29F0E03900344742 /* Debug */,
				F5B0382E29F0E03900344742 /* Release */,
			);
			defaultConfigurationIsVisible = 0;
			defaultConfigurationName = Release;
		};
/* End XCConfigurationList section */
	};
	rootObject = F5B037B529F0D8BD00344742 /* Project object */;
}
